
Microsoft Visual Studio Solution File, Format Version 12.00
# Visual Studio 2012
Project("{FAE04EC0-301F-11D3-BF4B-00C04F79EFBC}") = "Skybrud.Social", "Skybrud.Social\Skybrud.Social.csproj", "{B1EE1531-E2FC-419C-B7DA-FFB415417FC5}"
EndProject
Project("{FAE04EC0-301F-11D3-BF4B-00C04F79EFBC}") = "Skybrud.Social.LinkedIn", "Skybrud.Social.LinkedIn\Skybrud.Social.LinkedIn.csproj", "{0C83EB16-9B30-4B49-BB65-5255A2121140}"
EndProject
Project("{FAE04EC0-301F-11D3-BF4B-00C04F79EFBC}") = "Skybrud.Social.Microsoft", "Skybrud.Social.Microsoft\Skybrud.Social.Microsoft.csproj", "{DABC5422-2B84-46F2-BD6A-8FB7753EAA06}"
EndProject
Global
	GlobalSection(SolutionConfigurationPlatforms) = preSolution
		Debug|Any CPU = Debug|Any CPU
		Debug|Mixed Platforms = Debug|Mixed Platforms
		Debug|x86 = Debug|x86
		Release|Any CPU = Release|Any CPU
		Release|Mixed Platforms = Release|Mixed Platforms
		Release|x86 = Release|x86
	EndGlobalSection
	GlobalSection(ProjectConfigurationPlatforms) = postSolution
		{B1EE1531-E2FC-419C-B7DA-FFB415417FC5}.Debug|Any CPU.ActiveCfg = Debug|Any CPU
		{B1EE1531-E2FC-419C-B7DA-FFB415417FC5}.Debug|Any CPU.Build.0 = Debug|Any CPU
		{B1EE1531-E2FC-419C-B7DA-FFB415417FC5}.Debug|Mixed Platforms.ActiveCfg = Debug|Any CPU
		{B1EE1531-E2FC-419C-B7DA-FFB415417FC5}.Debug|Mixed Platforms.Build.0 = Debug|Any CPU
		{B1EE1531-E2FC-419C-B7DA-FFB415417FC5}.Debug|x86.ActiveCfg = Debug|Any CPU
		{B1EE1531-E2FC-419C-B7DA-FFB415417FC5}.Release|Any CPU.ActiveCfg = Release|Any CPU
		{B1EE1531-E2FC-419C-B7DA-FFB415417FC5}.Release|Any CPU.Build.0 = Release|Any CPU
		{B1EE1531-E2FC-419C-B7DA-FFB415417FC5}.Release|Mixed Platforms.ActiveCfg = Release|Any CPU
		{B1EE1531-E2FC-419C-B7DA-FFB415417FC5}.Release|Mixed Platforms.Build.0 = Release|Any CPU
		{B1EE1531-E2FC-419C-B7DA-FFB415417FC5}.Release|x86.ActiveCfg = Release|Any CPU
		{0C83EB16-9B30-4B49-BB65-5255A2121140}.Debug|Any CPU.ActiveCfg = Debug|Any CPU
		{0C83EB16-9B30-4B49-BB65-5255A2121140}.Debug|Any CPU.Build.0 = Debug|Any CPU
		{0C83EB16-9B30-4B49-BB65-5255A2121140}.Debug|Mixed Platforms.ActiveCfg = Debug|Any CPU
		{0C83EB16-9B30-4B49-BB65-5255A2121140}.Debug|Mixed Platforms.Build.0 = Debug|Any CPU
		{0C83EB16-9B30-4B49-BB65-5255A2121140}.Debug|x86.ActiveCfg = Debug|Any CPU
		{0C83EB16-9B30-4B49-BB65-5255A2121140}.Release|Any CPU.ActiveCfg = Release|Any CPU
		{0C83EB16-9B30-4B49-BB65-5255A2121140}.Release|Any CPU.Build.0 = Release|Any CPU
		{0C83EB16-9B30-4B49-BB65-5255A2121140}.Release|Mixed Platforms.ActiveCfg = Release|Any CPU
		{0C83EB16-9B30-4B49-BB65-5255A2121140}.Release|Mixed Platforms.Build.0 = Release|Any CPU
		{0C83EB16-9B30-4B49-BB65-5255A2121140}.Release|x86.ActiveCfg = Release|Any CPU
		{DABC5422-2B84-46F2-BD6A-8FB7753EAA06}.Debug|Any CPU.ActiveCfg = Debug|Any CPU
		{DABC5422-2B84-46F2-BD6A-8FB7753EAA06}.Debug|Any CPU.Build.0 = Debug|Any CPU
		{DABC5422-2B84-46F2-BD6A-8FB7753EAA06}.Debug|Mixed Platforms.ActiveCfg = Debug|Any CPU
		{DABC5422-2B84-46F2-BD6A-8FB7753EAA06}.Debug|Mixed Platforms.Build.0 = Debug|Any CPU
		{DABC5422-2B84-46F2-BD6A-8FB7753EAA06}.Debug|x86.ActiveCfg = Debug|Any CPU
		{DABC5422-2B84-46F2-BD6A-8FB7753EAA06}.Release|Any CPU.ActiveCfg = Release|Any CPU
		{DABC5422-2B84-46F2-BD6A-8FB7753EAA06}.Release|Any CPU.Build.0 = Release|Any CPU
		{DABC5422-2B84-46F2-BD6A-8FB7753EAA06}.Release|Mixed Platforms.ActiveCfg = Release|Any CPU
		{DABC5422-2B84-46F2-BD6A-8FB7753EAA06}.Release|Mixed Platforms.Build.0 = Release|Any CPU
		{DABC5422-2B84-46F2-BD6A-8FB7753EAA06}.Release|x86.ActiveCfg = Release|Any CPU
	EndGlobalSection
	GlobalSection(SolutionProperties) = preSolution
		HideSolutionNode = FALSE
	EndGlobalSection
EndGlobal
