
Microsoft Visual Studio Solution File, Format Version 12.00
# Visual Studio 15
VisualStudioVersion = 15.0.26430.14
MinimumVisualStudioVersion = 10.0.40219.1
Project("{FAE04EC0-301F-11D3-BF4B-00C04F79EFBC}") = "Skybrud.Social", "Skybrud.Social\Skybrud.Social.csproj", "{8CF7A240-B9BE-4445-83CD-2AE44756DB0C}"
EndProject
Project("{FAE04EC0-301F-11D3-BF4B-00C04F79EFBC}") = "Skybrud.Social.Core", "Skybrud.Social.Core\Skybrud.Social.Core.csproj", "{CF1E9052-1133-4872-8782-D3172B5271D7}"
EndProject
Global
	GlobalSection(SolutionConfigurationPlatforms) = preSolution
		Debug|Any CPU = Debug|Any CPU
		Debug|Mixed Platforms = Debug|Mixed Platforms
		Debug|x86 = Debug|x86
		Release|Any CPU = Release|Any CPU
		Release|Mixed Platforms = Release|Mixed Platforms
		Release|x86 = Release|x86
	EndGlobalSection
	GlobalSection(ProjectConfigurationPlatforms) = postSolution
		{8CF7A240-B9BE-4445-83CD-2AE44756DB0C}.Debug|Any CPU.ActiveCfg = Debug|Any CPU
		{8CF7A240-B9BE-4445-83CD-2AE44756DB0C}.Debug|Any CPU.Build.0 = Debug|Any CPU
		{8CF7A240-B9BE-4445-83CD-2AE44756DB0C}.Debug|Mixed Platforms.ActiveCfg = Debug|Any CPU
		{8CF7A240-B9BE-4445-83CD-2AE44756DB0C}.Debug|Mixed Platforms.Build.0 = Debug|Any CPU
		{8CF7A240-B9BE-4445-83CD-2AE44756DB0C}.Debug|x86.ActiveCfg = Debug|Any CPU
		{8CF7A240-B9BE-4445-83CD-2AE44756DB0C}.Release|Any CPU.ActiveCfg = Release|Any CPU
		{8CF7A240-B9BE-4445-83CD-2AE44756DB0C}.Release|Any CPU.Build.0 = Release|Any CPU
		{8CF7A240-B9BE-4445-83CD-2AE44756DB0C}.Release|Mixed Platforms.ActiveCfg = Release|Any CPU
		{8CF7A240-B9BE-4445-83CD-2AE44756DB0C}.Release|Mixed Platforms.Build.0 = Release|Any CPU
		{8CF7A240-B9BE-4445-83CD-2AE44756DB0C}.Release|x86.ActiveCfg = Release|Any CPU
		{CF1E9052-1133-4872-8782-D3172B5271D7}.Debug|Any CPU.ActiveCfg = Debug|Any CPU
		{CF1E9052-1133-4872-8782-D3172B5271D7}.Debug|Any CPU.Build.0 = Debug|Any CPU
		{CF1E9052-1133-4872-8782-D3172B5271D7}.Debug|Mixed Platforms.ActiveCfg = Debug|Any CPU
		{CF1E9052-1133-4872-8782-D3172B5271D7}.Debug|Mixed Platforms.Build.0 = Debug|Any CPU
		{CF1E9052-1133-4872-8782-D3172B5271D7}.Debug|x86.ActiveCfg = Debug|Any CPU
		{CF1E9052-1133-4872-8782-D3172B5271D7}.Debug|x86.Build.0 = Debug|Any CPU
		{CF1E9052-1133-4872-8782-D3172B5271D7}.Release|Any CPU.ActiveCfg = Release|Any CPU
		{CF1E9052-1133-4872-8782-D3172B5271D7}.Release|Any CPU.Build.0 = Release|Any CPU
		{CF1E9052-1133-4872-8782-D3172B5271D7}.Release|Mixed Platforms.ActiveCfg = Release|Any CPU
		{CF1E9052-1133-4872-8782-D3172B5271D7}.Release|Mixed Platforms.Build.0 = Release|Any CPU
		{CF1E9052-1133-4872-8782-D3172B5271D7}.Release|x86.ActiveCfg = Release|Any CPU
		{CF1E9052-1133-4872-8782-D3172B5271D7}.Release|x86.Build.0 = Release|Any CPU
	EndGlobalSection
	GlobalSection(SolutionProperties) = preSolution
		HideSolutionNode = FALSE
	EndGlobalSection
EndGlobal
